
Microsoft Visual Studio Solution File, Format Version 12.00
# Visual Studio Version 16
VisualStudioVersion = 16.0.30503.244
MinimumVisualStudioVersion = 10.0.40219.1
Project("{9A19103F-16F7-4668-BE54-9A1E7A4F7556}") = "BusinessHomeGame", "BusinessHomeGame.csproj", "{FDC0D1E1-A8FF-4F09-9FA4-6C7B034DFED3}"
EndProject
Project("{FAE04EC0-301F-11D3-BF4B-00C04F79EFBC}") = "BusinessHomeGameTest", "..\BusinessHomeGameTest\BusinessHomeGameTest.csproj", "{6D3D2F0F-B2C8-4C33-B55E-584AF054EC10}"
EndProject
Global
	GlobalSection(SolutionConfigurationPlatforms) = preSolution
		Debug|Any CPU = Debug|Any CPU
		Release|Any CPU = Release|Any CPU
	EndGlobalSection
	GlobalSection(ProjectConfigurationPlatforms) = postSolution
		{FDC0D1E1-A8FF-4F09-9FA4-6C7B034DFED3}.Debug|Any CPU.ActiveCfg = Debug|Any CPU
		{FDC0D1E1-A8FF-4F09-9FA4-6C7B034DFED3}.Debug|Any CPU.Build.0 = Debug|Any CPU
		{FDC0D1E1-A8FF-4F09-9FA4-6C7B034DFED3}.Release|Any CPU.ActiveCfg = Release|Any CPU
		{FDC0D1E1-A8FF-4F09-9FA4-6C7B034DFED3}.Release|Any CPU.Build.0 = Release|Any CPU
		{6D3D2F0F-B2C8-4C33-B55E-584AF054EC10}.Debug|Any CPU.ActiveCfg = Debug|Any CPU
		{6D3D2F0F-B2C8-4C33-B55E-584AF054EC10}.Debug|Any CPU.Build.0 = Debug|Any CPU
		{6D3D2F0F-B2C8-4C33-B55E-584AF054EC10}.Release|Any CPU.ActiveCfg = Release|Any CPU
		{6D3D2F0F-B2C8-4C33-B55E-584AF054EC10}.Release|Any CPU.Build.0 = Release|Any CPU
	EndGlobalSection
	GlobalSection(SolutionProperties) = preSolution
		HideSolutionNode = FALSE
	EndGlobalSection
	GlobalSection(ExtensibilityGlobals) = postSolution
		SolutionGuid = {DCE2C32D-C02C-48F5-B447-6A1B34C3288C}
	EndGlobalSection
EndGlobal
